<?xml version="1.0" encoding="UTF-8"?>
<Scheme
   version = "1.3">
   <BuildAction>
      <BuildActionEntries>
         <BuildActionEntry
            buildForRunning = "YES"
            buildForTesting = "YES">
            <BuildableReference
               BuildableIdentifier = "primary"
               BlueprintIdentifier = "BE48E52F64DCA6DC252AE418"
               BuildableName = "FlexibleView2Tests.octest"
               BlueprintName = "FlexibleView2Tests"
               ReferencedContainer = "container:FlexibleView2.xcodeproj">
            </BuildableReference>
         </BuildActionEntry>
      </BuildActionEntries>
   </BuildAction>
   <TestAction
      buildConfiguration = "Debug">
      <Testables>
         <TestableReference>
            <BuildableReference
               BuildableIdentifier = "primary"
               BlueprintIdentifier = "BE48E52F64DCA6DC252AE418"
               BuildableName = "FlexibleView2Tests.octest"
               BlueprintName = "FlexibleView2Tests"
               ReferencedContainer = "container:FlexibleView2.xcodeproj">
            </BuildableReference>
         </TestableReference>
      </Testables>
   </TestAction>
   <LaunchAction
      useCustomWorkingDirectory = "NO">
   </LaunchAction>
</Scheme>
